
Microsoft Visual Studio Solution File, Format Version 12.00
# Visual Studio Version 17
VisualStudioVersion = 17.7.34302.85
MinimumVisualStudioVersion = 10.0.40219.1
Project("{FAE04EC0-301F-11D3-BF4B-00C04F79EFBC}") = "PasswortGenerator", "PasswortGenerator.csproj", "{A84EE2C6-C19F-447D-9024-AAFEF80B3D46}"
EndProject
Global
	GlobalSection(SolutionConfigurationPlatforms) = preSolution
		Debug|Any CPU = Debug|Any CPU
		Release|Any CPU = Release|Any CPU
	EndGlobalSection
	GlobalSection(ProjectConfigurationPlatforms) = postSolution
		{A84EE2C6-C19F-447D-9024-AAFEF80B3D46}.Debug|Any CPU.ActiveCfg = Debug|Any CPU
		{A84EE2C6-C19F-447D-9024-AAFEF80B3D46}.Debug|Any CPU.Build.0 = Debug|Any CPU
		{A84EE2C6-C19F-447D-9024-AAFEF80B3D46}.Release|Any CPU.ActiveCfg = Release|Any CPU
		{A84EE2C6-C19F-447D-9024-AAFEF80B3D46}.Release|Any CPU.Build.0 = Release|Any CPU
	EndGlobalSection
	GlobalSection(SolutionProperties) = preSolution
		HideSolutionNode = FALSE
	EndGlobalSection
	GlobalSection(ExtensibilityGlobals) = postSolution
		SolutionGuid = {1E55F3CD-49A5-4F45-9C3E-4870AE416980}
	EndGlobalSection
EndGlobal
